// !$*UTF8*$!
{
	archiveVersion = 1;
	classes = {
	};
	objectVersion = 55;
	objects = {

/* Begin PBXBuildFile section */
		593CCD72287E0DD60037D062 /* AppDelegate.swift in Sources */ = {isa = PBXBuildFile; fileRef = 593CCD71287E0DD60037D062 /* AppDelegate.swift */; };
		593CCD74287E0DD60037D062 /* SceneDelegate.swift in Sources */ = {isa = PBXBuildFile; fileRef = 593CCD73287E0DD60037D062 /* SceneDelegate.swift */; };
		593CCD79287E0DD60037D062 /* Main.storyboard in Resources */ = {isa = PBXBuildFile; fileRef = 593CCD77287E0DD60037D062 /* Main.storyboard */; };
		593CCD7B287E0DD80037D062 /* Assets.xcassets in Resources */ = {isa = PBXBuildFile; fileRef = 593CCD7A287E0DD80037D062 /* Assets.xcassets */; };
		593CCD7E287E0DD80037D062 /* LaunchScreen.storyboard in Resources */ = {isa = PBXBuildFile; fileRef = 593CCD7C287E0DD80037D062 /* LaunchScreen.storyboard */; };
		593CCD88287E1F440037D062 /* icons8-autógrafo-48.png in Resources */ = {isa = PBXBuildFile; fileRef = 593CCD87287E1F430037D062 /* icons8-autógrafo-48.png */; };
		593CCD8A287E21210037D062 /* icons8-registrarse-por-correo-24.png in Resources */ = {isa = PBXBuildFile; fileRef = 593CCD89287E21210037D062 /* icons8-registrarse-por-correo-24.png */; };
		593CCD8C287E24AD0037D062 /* PerfilController.swift in Sources */ = {isa = PBXBuildFile; fileRef = 593CCD8B287E24AD0037D062 /* PerfilController.swift */; };
		593CCD8E287E25120037D062 /* EstudiosController.swift in Sources */ = {isa = PBXBuildFile; fileRef = 593CCD8D287E25120037D062 /* EstudiosController.swift */; };
		593CCD90287E256B0037D062 /* ExperienciaController.swift in Sources */ = {isa = PBXBuildFile; fileRef = 593CCD8F287E256B0037D062 /* ExperienciaController.swift */; };
		593CCD92287E265C0037D062 /* TrabajosController.swift in Sources */ = {isa = PBXBuildFile; fileRef = 593CCD91287E265C0037D062 /* TrabajosController.swift */; };
		593CCD94287E27810037D062 /* ContactoController.swift in Sources */ = {isa = PBXBuildFile; fileRef = 593CCD93287E27810037D062 /* ContactoController.swift */; };
		593CCD96287E28DE0037D062 /* TabbarControllerViewController.swift in Sources */ = {isa = PBXBuildFile; fileRef = 593CCD95287E28DD0037D062 /* TabbarControllerViewController.swift */; };
/* End PBXBuildFile section */

/* Begin PBXFileReference section */
		593CCD6E287E0DD60037D062 /* TabBar.app */ = {isa = PBXFileReference; explicitFileType = wrapper.application; includeInIndex = 0; path = TabBar.app; sourceTree = BUILT_PRODUCTS_DIR; };
		593CCD71287E0DD60037D062 /* AppDelegate.swift */ = {isa = PBXFileReference; lastKnownFileType = sourcecode.swift; path = AppDelegate.swift; sourceTree = "<group>"; };
		593CCD73287E0DD60037D062 /* SceneDelegate.swift */ = {isa = PBXFileReference; lastKnownFileType = sourcecode.swift; path = SceneDelegate.swift; sourceTree = "<group>"; };
		593CCD78287E0DD60037D062 /* Base */ = {isa = PBXFileReference; lastKnownFileType = file.storyboard; name = Base; path = Base.lproj/Main.storyboard; sourceTree = "<group>"; };
		593CCD7A287E0DD80037D062 /* Assets.xcassets */ = {isa = PBXFileReference; lastKnownFileType = folder.assetcatalog; path = Assets.xcassets; sourceTree = "<group>"; };
		593CCD7D287E0DD80037D062 /* Base */ = {isa = PBXFileReference; lastKnownFileType = file.storyboard; name = Base; path = Base.lproj/LaunchScreen.storyboard; sourceTree = "<group>"; };
		593CCD7F287E0DD80037D062 /* Info.plist */ = {isa = PBXFileReference; lastKnownFileType = text.plist.xml; path = Info.plist; sourceTree = "<group>"; };
		593CCD87287E1F430037D062 /* icons8-autógrafo-48.png */ = {isa = PBXFileReference; lastKnownFileType = image.png; path = "icons8-autógrafo-48.png"; sourceTree = "<group>"; };
		593CCD89287E21210037D062 /* icons8-registrarse-por-correo-24.png */ = {isa = PBXFileReference; lastKnownFileType = image.png; path = "icons8-registrarse-por-correo-24.png"; sourceTree = "<group>"; };
		593CCD8B287E24AD0037D062 /* PerfilController.swift */ = {isa = PBXFileReference; lastKnownFileType = sourcecode.swift; path = PerfilController.swift; sourceTree = "<group>"; };
		593CCD8D287E25120037D062 /* EstudiosController.swift */ = {isa = PBXFileReference; lastKnownFileType = sourcecode.swift; path = EstudiosController.swift; sourceTree = "<group>"; };
		593CCD8F287E256B0037D062 /* ExperienciaController.swift */ = {isa = PBXFileReference; lastKnownFileType = sourcecode.swift; path = ExperienciaController.swift; sourceTree = "<group>"; };
		593CCD91287E265C0037D062 /* TrabajosController.swift */ = {isa = PBXFileReference; lastKnownFileType = sourcecode.swift; path = TrabajosController.swift; sourceTree = "<group>"; };
		593CCD93287E27810037D062 /* ContactoController.swift */ = {isa = PBXFileReference; lastKnownFileType = sourcecode.swift; path = ContactoController.swift; sourceTree = "<group>"; };
		593CCD95287E28DD0037D062 /* TabbarControllerViewController.swift */ = {isa = PBXFileReference; lastKnownFileType = sourcecode.swift; path = TabbarControllerViewController.swift; sourceTree = "<group>"; };
/* End PBXFileReference section */

/* Begin PBXFrameworksBuildPhase section */
		593CCD6B287E0DD60037D062 /* Frameworks */ = {
			isa = PBXFrameworksBuildPhase;
			buildActionMask = 2147483647;
			files = (
			);
			runOnlyForDeploymentPostprocessing = 0;
		};
/* End PBXFrameworksBuildPhase section */

/* Begin PBXGroup section */
		593CCD65287E0DD60037D062 = {
			isa = PBXGroup;
			children = (
				593CCD70287E0DD60037D062 /* TabBar */,
				593CCD6F287E0DD60037D062 /* Products */,
			);
			sourceTree = "<group>";
		};
		593CCD6F287E0DD60037D062 /* Products */ = {
			isa = PBXGroup;
			children = (
				593CCD6E287E0DD60037D062 /* TabBar.app */,
			);
			name = Products;
			sourceTree = "<group>";
		};
		593CCD70287E0DD60037D062 /* TabBar */ = {
			isa = PBXGroup;
			children = (
				593CCD87287E1F430037D062 /* icons8-autógrafo-48.png */,
				593CCD89287E21210037D062 /* icons8-registrarse-por-correo-24.png */,
				593CCD86287E14950037D062 /* Image */,
				593CCD85287E13150037D062 /* Controller */,
				593CCD71287E0DD60037D062 /* AppDelegate.swift */,
				593CCD73287E0DD60037D062 /* SceneDelegate.swift */,
				593CCD77287E0DD60037D062 /* Main.storyboard */,
				593CCD7A287E0DD80037D062 /* Assets.xcassets */,
				593CCD7C287E0DD80037D062 /* LaunchScreen.storyboard */,
				593CCD7F287E0DD80037D062 /* Info.plist */,
			);
			path = TabBar;
			sourceTree = "<group>";
		};
		593CCD85287E13150037D062 /* Controller */ = {
			isa = PBXGroup;
			children = (
				593CCD8B287E24AD0037D062 /* PerfilController.swift */,
				593CCD8D287E25120037D062 /* EstudiosController.swift */,
				593CCD8F287E256B0037D062 /* ExperienciaController.swift */,
				593CCD91287E265C0037D062 /* TrabajosController.swift */,
				593CCD93287E27810037D062 /* ContactoController.swift */,
				593CCD95287E28DD0037D062 /* TabbarControllerViewController.swift */,
			);
			path = Controller;
			sourceTree = "<group>";
		};
		593CCD86287E14950037D062 /* Image */ = {
			isa = PBXGroup;
			children = (
			);
			path = Image;
			sourceTree = "<group>";
		};
/* End PBXGroup section */

/* Begin PBXNativeTarget section */
		593CCD6D287E0DD60037D062 /* TabBar */ = {
			isa = PBXNativeTarget;
			buildConfigurationList = 593CCD82287E0DD80037D062 /* Build configuration list for PBXNativeTarget "TabBar" */;
			buildPhases = (
				593CCD6A287E0DD60037D062 /* Sources */,
				593CCD6B287E0DD60037D062 /* Frameworks */,
				593CCD6C287E0DD60037D062 /* Resources */,
			);
			buildRules = (
			);
			dependencies = (
			);
			name = TabBar;
			productName = TabBar;
			productReference = 593CCD6E287E0DD60037D062 /* TabBar.app */;
			productType = "com.apple.product-type.application";
		};
/* End PBXNativeTarget section */

/* Begin PBXProject section */
		593CCD66287E0DD60037D062 /* Project object */ = {
			isa = PBXProject;
			attributes = {
				BuildIndependentTargetsInParallel = 1;
				LastSwiftUpdateCheck = 1340;
				LastUpgradeCheck = 1340;
				TargetAttributes = {
					593CCD6D287E0DD60037D062 = {
						CreatedOnToolsVersion = 13.4.1;
					};
				};
			};
			buildConfigurationList = 593CCD69287E0DD60037D062 /* Build configuration list for PBXProject "TabBar" */;
			compatibilityVersion = "Xcode 13.0";
			developmentRegion = en;
			hasScannedForEncodings = 0;
			knownRegions = (
				en,
				Base,
			);
			mainGroup = 593CCD65287E0DD60037D062;
			productRefGroup = 593CCD6F287E0DD60037D062 /* Products */;
			projectDirPath = "";
			projectRoot = "";
			targets = (
				593CCD6D287E0DD60037D062 /* TabBar */,
			);
		};
/* End PBXProject section */

/* Begin PBXResourcesBuildPhase section */
		593CCD6C287E0DD60037D062 /* Resources */ = {
			isa = PBXResourcesBuildPhase;
			buildActionMask = 2147483647;
			files = (
				593CCD7E287E0DD80037D062 /* LaunchScreen.storyboard in Resources */,
				593CCD7B287E0DD80037D062 /* Assets.xcassets in Resources */,
				593CCD88287E1F440037D062 /* icons8-autógrafo-48.png in Resources */,
				593CCD79287E0DD60037D062 /* Main.storyboard in Resources */,
				593CCD8A287E21210037D062 /* icons8-registrarse-por-correo-24.png in Resources */,
			);
			runOnlyForDeploymentPostprocessing = 0;
		};
/* End PBXResourcesBuildPhase section */

/* Begin PBXSourcesBuildPhase section */
		593CCD6A287E0DD60037D062 /* Sources */ = {
			isa = PBXSourcesBuildPhase;
			buildActionMask = 2147483647;
			files = (
				593CCD96287E28DE0037D062 /* TabbarControllerViewController.swift in Sources */,
				593CCD92287E265C0037D062 /* TrabajosController.swift in Sources */,
				593CCD94287E27810037D062 /* ContactoController.swift in Sources */,
				593CCD72287E0DD60037D062 /* AppDelegate.swift in Sources */,
				593CCD74287E0DD60037D062 /* SceneDelegate.swift in Sources */,
				593CCD90287E256B0037D062 /* ExperienciaController.swift in Sources */,
				593CCD8C287E24AD0037D062 /* PerfilController.swift in Sources */,
				593CCD8E287E25120037D062 /* EstudiosController.swift in Sources */,
			);
			runOnlyForDeploymentPostprocessing = 0;
		};
/* End PBXSourcesBuildPhase section */

/* Begin PBXVariantGroup section */
		593CCD77287E0DD60037D062 /* Main.storyboard */ = {
			isa = PBXVariantGroup;
			children = (
				593CCD78287E0DD60037D062 /* Base */,
			);
			name = Main.storyboard;
			sourceTree = "<group>";
		};
		593CCD7C287E0DD80037D062 /* LaunchScreen.storyboard */ = {
			isa = PBXVariantGroup;
			children = (
				593CCD7D287E0DD80037D062 /* Base */,
			);
			name = LaunchScreen.storyboard;
			sourceTree = "<group>";
		};
/* End PBXVariantGroup section */

/* Begin XCBuildConfiguration section */
		593CCD80287E0DD80037D062 /* Debug */ = {
			isa = XCBuildConfiguration;
			buildSettings = {
				ALWAYS_SEARCH_USER_PATHS = NO;
				CLANG_ANALYZER_NONNULL = YES;
				CLANG_ANALYZER_NUMBER_OBJECT_CONVERSION = YES_AGGRESSIVE;
				CLANG_CXX_LANGUAGE_STANDARD = "gnu++17";
				CLANG_ENABLE_MODULES = YES;
				CLANG_ENABLE_OBJC_ARC = YES;
				CLANG_ENABLE_OBJC_WEAK = YES;
				CLANG_WARN_BLOCK_CAPTURE_AUTORELEASING = YES;
				CLANG_WARN_BOOL_CONVERSION = YES;
				CLANG_WARN_COMMA = YES;
				CLANG_WARN_CONSTANT_CONVERSION = YES;
				CLANG_WARN_DEPRECATED_OBJC_IMPLEMENTATIONS = YES;
				CLANG_WARN_DIRECT_OBJC_ISA_USAGE = YES_ERROR;
				CLANG_WARN_DOCUMENTATION_COMMENTS = YES;
				CLANG_WARN_EMPTY_BODY = YES;
				CLANG_WARN_ENUM_CONVERSION = YES;
				CLANG_WARN_INFINITE_RECURSION = YES;
				CLANG_WARN_INT_CONVERSION = YES;
				CLANG_WARN_NON_LITERAL_NULL_CONVERSION = YES;
				CLANG_WARN_OBJC_IMPLICIT_RETAIN_SELF = YES;
				CLANG_WARN_OBJC_LITERAL_CONVERSION = YES;
				CLANG_WARN_OBJC_ROOT_CLASS = YES_ERROR;
				CLANG_WARN_QUOTED_INCLUDE_IN_FRAMEWORK_HEADER = YES;
				CLANG_WARN_RANGE_LOOP_ANALYSIS = YES;
				CLANG_WARN_STRICT_PROTOTYPES = YES;
				CLANG_WARN_SUSPICIOUS_MOVE = YES;
				CLANG_WARN_UNGUARDED_AVAILABILITY = YES_AGGRESSIVE;
				CLANG_WARN_UNREACHABLE_CODE = YES;
				CLANG_WARN__DUPLICATE_METHOD_MATCH = YES;
				COPY_PHASE_STRIP = NO;
				DEBUG_INFORMATION_FORMAT = dwarf;
				ENABLE_STRICT_OBJC_MSGSEND = YES;
				ENABLE_TESTABILITY = YES;
				GCC_C_LANGUAGE_STANDARD = gnu11;
				GCC_DYNAMIC_NO_PIC = NO;
				GCC_NO_COMMON_BLOCKS = YES;
				GCC_OPTIMIZATION_LEVEL = 0;
				GCC_PREPROCESSOR_DEFINITIONS = (
					"DEBUG=1",
					"$(inherited)",
				);
				GCC_WARN_64_TO_32_BIT_CONVERSION = YES;
				GCC_WARN_ABOUT_RETURN_TYPE = YES_ERROR;
				GCC_WARN_UNDECLARED_SELECTOR = YES;
				GCC_WARN_UNINITIALIZED_AUTOS = YES_AGGRESSIVE;
				GCC_WARN_UNUSED_FUNCTION = YES;
				GCC_WARN_UNUSED_VARIABLE = YES;
				IPHONEOS_DEPLOYMENT_TARGET = 15.5;
				MTL_ENABLE_DEBUG_INFO = INCLUDE_SOURCE;
				MTL_FAST_MATH = YES;
				ONLY_ACTIVE_ARCH = YES;
				SDKROOT = iphoneos;
				SWIFT_ACTIVE_COMPILATION_CONDITIONS = DEBUG;
				SWIFT_OPTIMIZATION_LEVEL = "-Onone";
			};
			name = Debug;
		};
		593CCD81287E0DD80037D062 /* Release */ = {
			isa = XCBuildConfiguration;
			buildSettings = {
				ALWAYS_SEARCH_USER_PATHS = NO;
				CLANG_ANALYZER_NONNULL = YES;
				CLANG_ANALYZER_NUMBER_OBJECT_CONVERSION = YES_AGGRESSIVE;
				CLANG_CXX_LANGUAGE_STANDARD = "gnu++17";
				CLANG_ENABLE_MODULES = YES;
				CLANG_ENABLE_OBJC_ARC = YES;
				CLANG_ENABLE_OBJC_WEAK = YES;
				CLANG_WARN_BLOCK_CAPTURE_AUTORELEASING = YES;
				CLANG_WARN_BOOL_CONVERSION = YES;
				CLANG_WARN_COMMA = YES;
				CLANG_WARN_CONSTANT_CONVERSION = YES;
				CLANG_WARN_DEPRECATED_OBJC_IMPLEMENTATIONS = YES;
				CLANG_WARN_DIRECT_OBJC_ISA_USAGE = YES_ERROR;
				CLANG_WARN_DOCUMENTATION_COMMENTS = YES;
				CLANG_WARN_EMPTY_BODY = YES;
				CLANG_WARN_ENUM_CONVERSION = YES;
				CLANG_WARN_INFINITE_RECURSION = YES;
				CLANG_WARN_INT_CONVERSION = YES;
				CLANG_WARN_NON_LITERAL_NULL_CONVERSION = YES;
				CLANG_WARN_OBJC_IMPLICIT_RETAIN_SELF = YES;
				CLANG_WARN_OBJC_LITERAL_CONVERSION = YES;
				CLANG_WARN_OBJC_ROOT_CLASS = YES_ERROR;
				CLANG_WARN_QUOTED_INCLUDE_IN_FRAMEWORK_HEADER = YES;
				CLANG_WARN_RANGE_LOOP_ANALYSIS = YES;
				CLANG_WARN_STRICT_PROTOTYPES = YES;
				CLANG_WARN_SUSPICIOUS_MOVE = YES;
				CLANG_WARN_UNGUARDED_AVAILABILITY = YES_AGGRESSIVE;
				CLANG_WARN_UNREACHABLE_CODE = YES;
				CLANG_WARN__DUPLICATE_METHOD_MATCH = YES;
				COPY_PHASE_STRIP = NO;
				DEBUG_INFORMATION_FORMAT = "dwarf-with-dsym";
				ENABLE_NS_ASSERTIONS = NO;
				ENABLE_STRICT_OBJC_MSGSEND = YES;
				GCC_C_LANGUAGE_STANDARD = gnu11;
				GCC_NO_COMMON_BLOCKS = YES;
				GCC_WARN_64_TO_32_BIT_CONVERSION = YES;
				GCC_WARN_ABOUT_RETURN_TYPE = YES_ERROR;
				GCC_WARN_UNDECLARED_SELECTOR = YES;
				GCC_WARN_UNINITIALIZED_AUTOS = YES_AGGRESSIVE;
				GCC_WARN_UNUSED_FUNCTION = YES;
				GCC_WARN_UNUSED_VARIABLE = YES;
				IPHONEOS_DEPLOYMENT_TARGET = 15.5;
				MTL_ENABLE_DEBUG_INFO = NO;
				MTL_FAST_MATH = YES;
				SDKROOT = iphoneos;
				SWIFT_COMPILATION_MODE = wholemodule;
				SWIFT_OPTIMIZATION_LEVEL = "-O";
				VALIDATE_PRODUCT = YES;
			};
			name = Release;
		};
		593CCD83287E0DD80037D062 /* Debug */ = {
			isa = XCBuildConfiguration;
			buildSettings = {
				ASSETCATALOG_COMPILER_APPICON_NAME = AppIcon;
				ASSETCATALOG_COMPILER_GLOBAL_ACCENT_COLOR_NAME = AccentColor;
				CODE_SIGN_STYLE = Automatic;
				CURRENT_PROJECT_VERSION = 1;
				GENERATE_INFOPLIST_FILE = YES;
				INFOPLIST_FILE = TabBar/Info.plist;
				INFOPLIST_KEY_UIApplicationSupportsIndirectInputEvents = YES;
				INFOPLIST_KEY_UILaunchStoryboardName = LaunchScreen;
				INFOPLIST_KEY_UIMainStoryboardFile = Main;
				INFOPLIST_KEY_UISupportedInterfaceOrientations_iPad = "UIInterfaceOrientationPortrait UIInterfaceOrientationPortraitUpsideDown UIInterfaceOrientationLandscapeLeft UIInterfaceOrientationLandscapeRight";
				INFOPLIST_KEY_UISupportedInterfaceOrientations_iPhone = "UIInterfaceOrientationPortrait UIInterfaceOrientationLandscapeLeft UIInterfaceOrientationLandscapeRight";
				LD_RUNPATH_SEARCH_PATHS = (
					"$(inherited)",
					"@executable_path/Frameworks",
				);
				MARKETING_VERSION = 1.0;
				PRODUCT_BUNDLE_IDENTIFIER = MAURICIO.TabBar;
				PRODUCT_NAME = "$(TARGET_NAME)";
				SWIFT_EMIT_LOC_STRINGS = YES;
				SWIFT_VERSION = 5.0;
				TARGETED_DEVICE_FAMILY = "1,2";
			};
			name = Debug;
		};
		593CCD84287E0DD80037D062 /* Release */ = {
			isa = XCBuildConfiguration;
			buildSettings = {
				ASSETCATALOG_COMPILER_APPICON_NAME = AppIcon;
				ASSETCATALOG_COMPILER_GLOBAL_ACCENT_COLOR_NAME = AccentColor;
				CODE_SIGN_STYLE = Automatic;
				CURRENT_PROJECT_VERSION = 1;
				GENERATE_INFOPLIST_FILE = YES;
				INFOPLIST_FILE = TabBar/Info.plist;
				INFOPLIST_KEY_UIApplicationSupportsIndirectInputEvents = YES;
				INFOPLIST_KEY_UILaunchStoryboardName = LaunchScreen;
				INFOPLIST_KEY_UIMainStoryboardFile = Main;
				INFOPLIST_KEY_UISupportedInterfaceOrientations_iPad = "UIInterfaceOrientationPortrait UIInterfaceOrientationPortraitUpsideDown UIInterfaceOrientationLandscapeLeft UIInterfaceOrientationLandscapeRight";
				INFOPLIST_KEY_UISupportedInterfaceOrientations_iPhone = "UIInterfaceOrientationPortrait UIInterfaceOrientationLandscapeLeft UIInterfaceOrientationLandscapeRight";
				LD_RUNPATH_SEARCH_PATHS = (
					"$(inherited)",
					"@executable_path/Frameworks",
				);
				MARKETING_VERSION = 1.0;
				PRODUCT_BUNDLE_IDENTIFIER = MAURICIO.TabBar;
				PRODUCT_NAME = "$(TARGET_NAME)";
				SWIFT_EMIT_LOC_STRINGS = YES;
				SWIFT_VERSION = 5.0;
				TARGETED_DEVICE_FAMILY = "1,2";
			};
			name = Release;
		};
/* End XCBuildConfiguration section */

/* Begin XCConfigurationList section */
		593CCD69287E0DD60037D062 /* Build configuration list for PBXProject "TabBar" */ = {
			isa = XCConfigurationList;
			buildConfigurations = (
				593CCD80287E0DD80037D062 /* Debug */,
				593CCD81287E0DD80037D062 /* Release */,
			);
			defaultConfigurationIsVisible = 0;
			defaultConfigurationName = Release;
		};
		593CCD82287E0DD80037D062 /* Build configuration list for PBXNativeTarget "TabBar" */ = {
			isa = XCConfigurationList;
			buildConfigurations = (
				593CCD83287E0DD80037D062 /* Debug */,
				593CCD84287E0DD80037D062 /* Release */,
			);
			defaultConfigurationIsVisible = 0;
			defaultConfigurationName = Release;
		};
/* End XCConfigurationList section */
	};
	rootObject = 593CCD66287E0DD60037D062 /* Project object */;
}
